
Microsoft Visual Studio Solution File, Format Version 12.00
# Visual Studio Version 16
VisualStudioVersion = 16.0.30104.148
MinimumVisualStudioVersion = 10.0.40219.1
Project("{8BC9CEB8-8B4A-11D0-8D11-00A0C91BC942}") = "SocketServer", "SocketServer\SocketServer.vcxproj", "{435396FC-5779-477B-9E6E-467749BDC724}"
	ProjectSection(ProjectDependencies) = postProject
		{A7783D64-DA1D-40CD-87CA-BBEB25BC8FA3} = {A7783D64-DA1D-40CD-87CA-BBEB25BC8FA3}
	EndProjectSection
EndProject
Project("{8BC9CEB8-8B4A-11D0-8D11-00A0C91BC942}") = "SocketClient", "SocketClient\SocketClient.vcxproj", "{A7783D64-DA1D-40CD-87CA-BBEB25BC8FA3}"
EndProject
Project("{FAE04EC0-301F-11D3-BF4B-00C04F79EFBC}") = "SharpClient", "SharpClient\SharpClient.csproj", "{2062D3F0-C0A3-4F32-B613-A0FFC28568C7}"
EndProject
Project("{888888A0-9F3D-457C-B088-3A5042F75D52}") = "PyClient", "PyClient\PyClient.pyproj", "{FB89A272-93FC-4B53-AF3A-21019D7C7337}"
EndProject
Project("{8BC9CEB8-8B4A-11D0-8D11-00A0C91BC942}") = "Storage_Server", "Storage_Server\Storage_Server.vcxproj", "{D5A1AC22-8562-4A4D-95B2-D28CCD474100}"
EndProject
Project("{888888A0-9F3D-457C-B088-3A5042F75D52}") = "WebClient", "WebClient\WebClient.pyproj", "{8226D402-471F-40AB-82AF-0A318532573C}"
EndProject
Project("{888888A0-9F3D-457C-B088-3A5042F75D52}") = "RestClient", "RestClient\RestClient.pyproj", "{2677665B-F2FD-40F5-B3A2-811B57C397CC}"
EndProject
Global
	GlobalSection(SolutionConfigurationPlatforms) = preSolution
		Debug|Any CPU = Debug|Any CPU
		Debug|x64 = Debug|x64
		Debug|x86 = Debug|x86
		Release|Any CPU = Release|Any CPU
		Release|x64 = Release|x64
		Release|x86 = Release|x86
	EndGlobalSection
	GlobalSection(ProjectConfigurationPlatforms) = postSolution
		{435396FC-5779-477B-9E6E-467749BDC724}.Debug|Any CPU.ActiveCfg = Debug|Win32
		{435396FC-5779-477B-9E6E-467749BDC724}.Debug|x64.ActiveCfg = Debug|x64
		{435396FC-5779-477B-9E6E-467749BDC724}.Debug|x64.Build.0 = Debug|x64
		{435396FC-5779-477B-9E6E-467749BDC724}.Debug|x86.ActiveCfg = Debug|Win32
		{435396FC-5779-477B-9E6E-467749BDC724}.Debug|x86.Build.0 = Debug|Win32
		{435396FC-5779-477B-9E6E-467749BDC724}.Release|Any CPU.ActiveCfg = Release|Win32
		{435396FC-5779-477B-9E6E-467749BDC724}.Release|x64.ActiveCfg = Release|x64
		{435396FC-5779-477B-9E6E-467749BDC724}.Release|x64.Build.0 = Release|x64
		{435396FC-5779-477B-9E6E-467749BDC724}.Release|x86.ActiveCfg = Release|Win32
		{435396FC-5779-477B-9E6E-467749BDC724}.Release|x86.Build.0 = Release|Win32
		{A7783D64-DA1D-40CD-87CA-BBEB25BC8FA3}.Debug|Any CPU.ActiveCfg = Debug|Win32
		{A7783D64-DA1D-40CD-87CA-BBEB25BC8FA3}.Debug|x64.ActiveCfg = Debug|x64
		{A7783D64-DA1D-40CD-87CA-BBEB25BC8FA3}.Debug|x64.Build.0 = Debug|x64
		{A7783D64-DA1D-40CD-87CA-BBEB25BC8FA3}.Debug|x86.ActiveCfg = Debug|Win32
		{A7783D64-DA1D-40CD-87CA-BBEB25BC8FA3}.Debug|x86.Build.0 = Debug|Win32
		{A7783D64-DA1D-40CD-87CA-BBEB25BC8FA3}.Release|Any CPU.ActiveCfg = Release|Win32
		{A7783D64-DA1D-40CD-87CA-BBEB25BC8FA3}.Release|x64.ActiveCfg = Release|x64
		{A7783D64-DA1D-40CD-87CA-BBEB25BC8FA3}.Release|x64.Build.0 = Release|x64
		{A7783D64-DA1D-40CD-87CA-BBEB25BC8FA3}.Release|x86.ActiveCfg = Release|Win32
		{A7783D64-DA1D-40CD-87CA-BBEB25BC8FA3}.Release|x86.Build.0 = Release|Win32
		{2062D3F0-C0A3-4F32-B613-A0FFC28568C7}.Debug|Any CPU.ActiveCfg = Debug|Any CPU
		{2062D3F0-C0A3-4F32-B613-A0FFC28568C7}.Debug|Any CPU.Build.0 = Debug|Any CPU
		{2062D3F0-C0A3-4F32-B613-A0FFC28568C7}.Debug|x64.ActiveCfg = Debug|Any CPU
		{2062D3F0-C0A3-4F32-B613-A0FFC28568C7}.Debug|x64.Build.0 = Debug|Any CPU
		{2062D3F0-C0A3-4F32-B613-A0FFC28568C7}.Debug|x86.ActiveCfg = Debug|Any CPU
		{2062D3F0-C0A3-4F32-B613-A0FFC28568C7}.Debug|x86.Build.0 = Debug|Any CPU
		{2062D3F0-C0A3-4F32-B613-A0FFC28568C7}.Release|Any CPU.ActiveCfg = Release|Any CPU
		{2062D3F0-C0A3-4F32-B613-A0FFC28568C7}.Release|Any CPU.Build.0 = Release|Any CPU
		{2062D3F0-C0A3-4F32-B613-A0FFC28568C7}.Release|x64.ActiveCfg = Release|Any CPU
		{2062D3F0-C0A3-4F32-B613-A0FFC28568C7}.Release|x64.Build.0 = Release|Any CPU
		{2062D3F0-C0A3-4F32-B613-A0FFC28568C7}.Release|x86.ActiveCfg = Release|Any CPU
		{2062D3F0-C0A3-4F32-B613-A0FFC28568C7}.Release|x86.Build.0 = Release|Any CPU
		{FB89A272-93FC-4B53-AF3A-21019D7C7337}.Debug|Any CPU.ActiveCfg = Debug|Any CPU
		{FB89A272-93FC-4B53-AF3A-21019D7C7337}.Debug|x64.ActiveCfg = Debug|Any CPU
		{FB89A272-93FC-4B53-AF3A-21019D7C7337}.Debug|x86.ActiveCfg = Debug|Any CPU
		{FB89A272-93FC-4B53-AF3A-21019D7C7337}.Release|Any CPU.ActiveCfg = Release|Any CPU
		{FB89A272-93FC-4B53-AF3A-21019D7C7337}.Release|x64.ActiveCfg = Release|Any CPU
		{FB89A272-93FC-4B53-AF3A-21019D7C7337}.Release|x86.ActiveCfg = Release|Any CPU
		{D5A1AC22-8562-4A4D-95B2-D28CCD474100}.Debug|Any CPU.ActiveCfg = Debug|Win32
		{D5A1AC22-8562-4A4D-95B2-D28CCD474100}.Debug|x64.ActiveCfg = Debug|x64
		{D5A1AC22-8562-4A4D-95B2-D28CCD474100}.Debug|x64.Build.0 = Debug|x64
		{D5A1AC22-8562-4A4D-95B2-D28CCD474100}.Debug|x86.ActiveCfg = Debug|Win32
		{D5A1AC22-8562-4A4D-95B2-D28CCD474100}.Debug|x86.Build.0 = Debug|Win32
		{D5A1AC22-8562-4A4D-95B2-D28CCD474100}.Release|Any CPU.ActiveCfg = Release|Win32
		{D5A1AC22-8562-4A4D-95B2-D28CCD474100}.Release|x64.ActiveCfg = Release|x64
		{D5A1AC22-8562-4A4D-95B2-D28CCD474100}.Release|x64.Build.0 = Release|x64
		{D5A1AC22-8562-4A4D-95B2-D28CCD474100}.Release|x86.ActiveCfg = Release|Win32
		{D5A1AC22-8562-4A4D-95B2-D28CCD474100}.Release|x86.Build.0 = Release|Win32
		{8226D402-471F-40AB-82AF-0A318532573C}.Debug|Any CPU.ActiveCfg = Debug|Any CPU
		{8226D402-471F-40AB-82AF-0A318532573C}.Debug|x64.ActiveCfg = Debug|Any CPU
		{8226D402-471F-40AB-82AF-0A318532573C}.Debug|x86.ActiveCfg = Debug|Any CPU
		{8226D402-471F-40AB-82AF-0A318532573C}.Release|Any CPU.ActiveCfg = Release|Any CPU
		{8226D402-471F-40AB-82AF-0A318532573C}.Release|x64.ActiveCfg = Release|Any CPU
		{8226D402-471F-40AB-82AF-0A318532573C}.Release|x86.ActiveCfg = Release|Any CPU
		{2677665B-F2FD-40F5-B3A2-811B57C397CC}.Debug|Any CPU.ActiveCfg = Debug|Any CPU
		{2677665B-F2FD-40F5-B3A2-811B57C397CC}.Debug|x64.ActiveCfg = Debug|Any CPU
		{2677665B-F2FD-40F5-B3A2-811B57C397CC}.Debug|x86.ActiveCfg = Debug|Any CPU
		{2677665B-F2FD-40F5-B3A2-811B57C397CC}.Release|Any CPU.ActiveCfg = Release|Any CPU
		{2677665B-F2FD-40F5-B3A2-811B57C397CC}.Release|x64.ActiveCfg = Release|Any CPU
		{2677665B-F2FD-40F5-B3A2-811B57C397CC}.Release|x86.ActiveCfg = Release|Any CPU
	EndGlobalSection
	GlobalSection(SolutionProperties) = preSolution
		HideSolutionNode = FALSE
	EndGlobalSection
	GlobalSection(ExtensibilityGlobals) = postSolution
		SolutionGuid = {7A0506B4-1870-4CCC-A3C3-D35DE528B9E9}
	EndGlobalSection
EndGlobal
